PODS:
  - Alamofire (4.0.1)
  - Realm (4.0.0):
    - Realm/Headers (= 4.0.0)
  - Realm/Headers (4.0.0)
  - RealmSwift (4.0.0):
    - Realm (= 4.0.0)
  - SwiftyJSON (4.0.0)

DEPENDENCIES:
  - Alamofire (< 4.1)
  - Realm (< 4.1)
  - RealmSwift (< 4.1)
  - SwiftyJSON (< 4.1)

SPEC REPOS:
  trunk:
    - Alamofire
    - Realm
    - RealmSwift
    - SwiftyJSON

SPEC CHECKSUMS:
  Alamofire: 7682d43245de14874acd142ec137b144aa1dd335
  Realm: 0c5b8f398daeec5b29824e41c453ff9e126e31d8
  RealmSwift: 02e1f604f7091ec535145055764ca53efa8cdc92
  SwiftyJSON: 070dabdcb1beb81b247c65ffa3a79dbbfb3b48aa

PODFILE CHECKSUM: a714946cddf1c43eca4fa3da7634638305b8412e

COCOAPODS: 1.10.1
